
Microsoft Visual Studio Solution File, Format Version 12.00
# Visual Studio Version 17
VisualStudioVersion = 17.4.33403.182
MinimumVisualStudioVersion = 10.0.40219.1
Project("{FAE04EC0-301F-11D3-BF4B-00C04F79EFBC}") = "dichotomy", "dichotomy\dichotomy.csproj", "{3399E53B-5837-41CF-B140-9EC58C883B2B}"
EndProject
Global
	GlobalSection(SolutionConfigurationPlatforms) = preSolution
		Debug|Any CPU = Debug|Any CPU
		Release|Any CPU = Release|Any CPU
	EndGlobalSection
	GlobalSection(ProjectConfigurationPlatforms) = postSolution
		{3399E53B-5837-41CF-B140-9EC58C883B2B}.Debug|Any CPU.ActiveCfg = Debug|Any CPU
		{3399E53B-5837-41CF-B140-9EC58C883B2B}.Debug|Any CPU.Build.0 = Debug|Any CPU
		{3399E53B-5837-41CF-B140-9EC58C883B2B}.Release|Any CPU.ActiveCfg = Release|Any CPU
		{3399E53B-5837-41CF-B140-9EC58C883B2B}.Release|Any CPU.Build.0 = Release|Any CPU
	EndGlobalSection
	GlobalSection(SolutionProperties) = preSolution
		HideSolutionNode = FALSE
	EndGlobalSection
	GlobalSection(ExtensibilityGlobals) = postSolution
		SolutionGuid = {4757115B-2214-423D-BDC2-4EBB15E876B8}
	EndGlobalSection
EndGlobal
